// !$*UTF8*$!
{
	archiveVersion = 1;
	classes = {
	};
	objectVersion = 46;
	objects = {

/* Begin PBXBuildFile section */
		23A92516141586E900EE4B17 /* mach_inject_bundle_stub.bundle in Resources */ = {isa = PBXBuildFile; fileRef = 33B2AC8809285572004B1632 /* mach_inject_bundle_stub.bundle */; };
		79ACC85907FD3EBD00D4147B /* mach_inject_bundle.h in Headers */ = {isa = PBXBuildFile; fileRef = 79ACC85707FD3EBD00D4147B /* mach_inject_bundle.h */; settings = {ATTRIBUTES = (Public, ); }; };
		79ACC85A07FD3EBD00D4147B /* mach_inject_bundle.c in Sources */ = {isa = PBXBuildFile; fileRef = 79ACC85807FD3EBD00D4147B /* mach_inject_bundle.c */; };
		79ACC88707FD40D700D4147B /* mach_inject.c in Sources */ = {isa = PBXBuildFile; fileRef = 79ACC88507FD40D700D4147B /* mach_inject.c */; };
		79ACC88807FD40D700D4147B /* mach_inject.h in Headers */ = {isa = PBXBuildFile; fileRef = 79ACC88607FD40D700D4147B /* mach_inject.h */; };
		79ACC8DC07FD452E00D4147B /* mach_inject_bundle_stub.h in Headers */ = {isa = PBXBuildFile; fileRef = 79ACC8DB07FD452E00D4147B /* mach_inject_bundle_stub.h */; };
		8DC2EF530486A6940098B216 /* InfoPlist.strings in Resources */ = {isa = PBXBuildFile; fileRef = 089C1666FE841158C02AAC07 /* InfoPlist.strings */; };
		8DC2EF570486A6940098B216 /* Cocoa.framework in Frameworks */ = {isa = PBXBuildFile; fileRef = 1058C7B1FEA5585E11CA2CBB /* Cocoa.framework */; };
/* End PBXBuildFile section */

/* Begin PBXContainerItemProxy section */
		33B2AC8709285572004B1632 /* PBXContainerItemProxy */ = {
			isa = PBXContainerItemProxy;
			containerPortal = 33B2AC8109285572004B1632 /* mach_inject_bundle_stub.xcodeproj */;
			proxyType = 2;
			remoteGlobalIDString = 8D01CCD20486CAD60068D4B7;
			remoteInfo = mach_inject_bundle_stub;
		};
		33B2AC8909285578004B1632 /* PBXContainerItemProxy */ = {
			isa = PBXContainerItemProxy;
			containerPortal = 33B2AC8109285572004B1632 /* mach_inject_bundle_stub.xcodeproj */;
			proxyType = 1;
			remoteGlobalIDString = 8D01CCC60486CAD60068D4B7;
			remoteInfo = mach_inject_bundle_stub;
		};
/* End PBXContainerItemProxy section */

/* Begin PBXCopyFilesBuildPhase section */
		33B2ACA2092856E1004B1632 /* CopyFiles */ = {
			isa = PBXCopyFilesBuildPhase;
			buildActionMask = 2147483647;
			dstPath = "";
			dstSubfolderSpec = 16;
			files = (
			);
			runOnlyForDeploymentPostprocessing = 0;
		};
/* End PBXCopyFilesBuildPhase section */

/* Begin PBXFileReference section */
		0867D69BFE84028FC02AAC07 /* Foundation.framework */ = {isa = PBXFileReference; lastKnownFileType = wrapper.framework; name = Foundation.framework; path = /System/Library/Frameworks/Foundation.framework; sourceTree = "<absolute>"; };
		0867D6A5FE840307C02AAC07 /* AppKit.framework */ = {isa = PBXFileReference; lastKnownFileType = wrapper.framework; name = AppKit.framework; path = /System/Library/Frameworks/AppKit.framework; sourceTree = "<absolute>"; };
		1058C7B1FEA5585E11CA2CBB /* Cocoa.framework */ = {isa = PBXFileReference; lastKnownFileType = wrapper.framework; name = Cocoa.framework; path = /System/Library/Frameworks/Cocoa.framework; sourceTree = "<absolute>"; };
		32DBCF5E0370ADEE00C91783 /* mach_inject_bundle_Prefix.pch */ = {isa = PBXFileReference; fileEncoding = 4; lastKnownFileType = sourcecode.c.h; path = mach_inject_bundle_Prefix.pch; sourceTree = "<group>"; };
		33B2AC8109285572004B1632 /* mach_inject_bundle_stub.xcodeproj */ = {isa = PBXFileReference; lastKnownFileType = "wrapper.pb-project"; name = mach_inject_bundle_stub.xcodeproj; path = ../mach_inject_bundle_stub/mach_inject_bundle_stub.xcodeproj; sourceTree = SOURCE_ROOT; };
		79ACC85707FD3EBD00D4147B /* mach_inject_bundle.h */ = {isa = PBXFileReference; fileEncoding = 4; lastKnownFileType = sourcecode.c.h; path = mach_inject_bundle.h; sourceTree = "<group>"; };
		79ACC85807FD3EBD00D4147B /* mach_inject_bundle.c */ = {isa = PBXFileReference; fileEncoding = 4; lastKnownFileType = sourcecode.c.c; path = mach_inject_bundle.c; sourceTree = "<group>"; };
		79ACC88507FD40D700D4147B /* mach_inject.c */ = {isa = PBXFileReference; fileEncoding = 30; lastKnownFileType = sourcecode.c.c; name = mach_inject.c; path = ../mach_inject/mach_inject.c; sourceTree = SOURCE_ROOT; };
		79ACC88607FD40D700D4147B /* mach_inject.h */ = {isa = PBXFileReference; fileEncoding = 30; lastKnownFileType = sourcecode.c.h; name = mach_inject.h; path = ../mach_inject/mach_inject.h; sourceTree = SOURCE_ROOT; };
		79ACC8DB07FD452E00D4147B /* mach_inject_bundle_stub.h */ = {isa = PBXFileReference; fileEncoding = 30; lastKnownFileType = sourcecode.c.h; name = mach_inject_bundle_stub.h; path = ../mach_inject_bundle_stub/mach_inject_bundle_stub.h; sourceTree = SOURCE_ROOT; };
		8DC2EF5A0486A6940098B216 /* Info.plist */ = {isa = PBXFileReference; fileEncoding = 4; lastKnownFileType = text.plist; path = Info.plist; sourceTree = "<group>"; };
		8DC2EF5B0486A6940098B216 /* mach_inject_bundle.framework */ = {isa = PBXFileReference; explicitFileType = wrapper.framework; includeInIndex = 0; path = mach_inject_bundle.framework; sourceTree = BUILT_PRODUCTS_DIR; };
		FB2DB75D22FEB3FD00684E8B /* en */ = {isa = PBXFileReference; lastKnownFileType = text.plist.strings; name = en; path = en.lproj/InfoPlist.strings; sourceTree = "<group>"; };
/* End PBXFileReference section */

/* Begin PBXFrameworksBuildPhase section */
		8DC2EF560486A6940098B216 /* Frameworks */ = {
			isa = PBXFrameworksBuildPhase;
			buildActionMask = 2147483647;
			files = (
				8DC2EF570486A6940098B216 /* Cocoa.framework in Frameworks */,
			);
			runOnlyForDeploymentPostprocessing = 0;
		};
/* End PBXFrameworksBuildPhase section */

/* Begin PBXGroup section */
		034768DFFF38A50411DB9C8B /* Products */ = {
			isa = PBXGroup;
			children = (
				8DC2EF5B0486A6940098B216 /* mach_inject_bundle.framework */,
			);
			name = Products;
			sourceTree = "<group>";
		};
		0867D691FE84028FC02AAC07 /* mach_inject_bundle */ = {
			isa = PBXGroup;
			children = (
				33B2AC8109285572004B1632 /* mach_inject_bundle_stub.xcodeproj */,
				32C88DFF0371C24200C91783 /* Other Sources */,
				089C1665FE841158C02AAC07 /* Resources */,
				0867D69AFE84028FC02AAC07 /* External Frameworks and Libraries */,
				034768DFFF38A50411DB9C8B /* Products */,
			);
			name = mach_inject_bundle;
			sourceTree = "<group>";
		};
		0867D69AFE84028FC02AAC07 /* External Frameworks and Libraries */ = {
			isa = PBXGroup;
			children = (
				1058C7B0FEA5585E11CA2CBB /* Linked Frameworks */,
				1058C7B2FEA5585E11CA2CBB /* Other Frameworks */,
			);
			name = "External Frameworks and Libraries";
			sourceTree = "<group>";
		};
		089C1665FE841158C02AAC07 /* Resources */ = {
			isa = PBXGroup;
			children = (
				8DC2EF5A0486A6940098B216 /* Info.plist */,
				089C1666FE841158C02AAC07 /* InfoPlist.strings */,
			);
			name = Resources;
			sourceTree = "<group>";
		};
		1058C7B0FEA5585E11CA2CBB /* Linked Frameworks */ = {
			isa = PBXGroup;
			children = (
				1058C7B1FEA5585E11CA2CBB /* Cocoa.framework */,
			);
			name = "Linked Frameworks";
			sourceTree = "<group>";
		};
		1058C7B2FEA5585E11CA2CBB /* Other Frameworks */ = {
			isa = PBXGroup;
			children = (
				0867D69BFE84028FC02AAC07 /* Foundation.framework */,
				0867D6A5FE840307C02AAC07 /* AppKit.framework */,
			);
			name = "Other Frameworks";
			sourceTree = "<group>";
		};
		32C88DFF0371C24200C91783 /* Other Sources */ = {
			isa = PBXGroup;
			children = (
				79ACC85707FD3EBD00D4147B /* mach_inject_bundle.h */,
				79ACC85807FD3EBD00D4147B /* mach_inject_bundle.c */,
				79ACC88507FD40D700D4147B /* mach_inject.c */,
				79ACC88607FD40D700D4147B /* mach_inject.h */,
				79ACC8DB07FD452E00D4147B /* mach_inject_bundle_stub.h */,
				32DBCF5E0370ADEE00C91783 /* mach_inject_bundle_Prefix.pch */,
			);
			name = "Other Sources";
			sourceTree = "<group>";
		};
		33B2AC8409285572004B1632 /* Products */ = {
			isa = PBXGroup;
			children = (
				33B2AC8809285572004B1632 /* mach_inject_bundle_stub.bundle */,
			);
			name = Products;
			sourceTree = "<group>";
		};
/* End PBXGroup section */

/* Begin PBXHeadersBuildPhase section */
		8DC2EF500486A6940098B216 /* Headers */ = {
			isa = PBXHeadersBuildPhase;
			buildActionMask = 2147483647;
			files = (
				79ACC85907FD3EBD00D4147B /* mach_inject_bundle.h in Headers */,
				79ACC88807FD40D700D4147B /* mach_inject.h in Headers */,
				79ACC8DC07FD452E00D4147B /* mach_inject_bundle_stub.h in Headers */,
			);
			runOnlyForDeploymentPostprocessing = 0;
		};
/* End PBXHeadersBuildPhase section */

/* Begin PBXNativeTarget section */
		8DC2EF4F0486A6940098B216 /* mach_inject_bundle */ = {
			isa = PBXNativeTarget;
			buildConfigurationList = 33B2AC7709285567004B1632 /* Build configuration list for PBXNativeTarget "mach_inject_bundle" */;
			buildPhases = (
				8DC2EF500486A6940098B216 /* Headers */,
				33B2ACA2092856E1004B1632 /* CopyFiles */,
				8DC2EF520486A6940098B216 /* Resources */,
				8DC2EF540486A6940098B216 /* Sources */,
				8DC2EF560486A6940098B216 /* Frameworks */,
			);
			buildRules = (
			);
			dependencies = (
				33B2AC8A09285578004B1632 /* PBXTargetDependency */,
			);
			name = mach_inject_bundle;
			productInstallPath = "$(HOME)/Library/Frameworks";
			productName = mach_inject_bundle;
			productReference = 8DC2EF5B0486A6940098B216 /* mach_inject_bundle.framework */;
			productType = "com.apple.product-type.framework";
		};
/* End PBXNativeTarget section */

/* Begin PBXProject section */
		0867D690FE84028FC02AAC07 /* Project object */ = {
			isa = PBXProject;
			attributes = {
				LastUpgradeCheck = 1200;
			};
			buildConfigurationList = 33B2AC7B09285567004B1632 /* Build configuration list for PBXProject "mach_inject_bundle" */;
			compatibilityVersion = "Xcode 3.2";
			developmentRegion = en;
			hasScannedForEncodings = 1;
			knownRegions = (
				en,
				Base,
			);
			mainGroup = 0867D691FE84028FC02AAC07 /* mach_inject_bundle */;
			productRefGroup = 034768DFFF38A50411DB9C8B /* Products */;
			projectDirPath = "";
			projectReferences = (
				{
					ProductGroup = 33B2AC8409285572004B1632 /* Products */;
					ProjectRef = 33B2AC8109285572004B1632 /* mach_inject_bundle_stub.xcodeproj */;
				},
			);
			projectRoot = "";
			targets = (
				8DC2EF4F0486A6940098B216 /* mach_inject_bundle */,
			);
		};
/* End PBXProject section */

/* Begin PBXReferenceProxy section */
		33B2AC8809285572004B1632 /* mach_inject_bundle_stub.bundle */ = {
			isa = PBXReferenceProxy;
			fileType = wrapper.cfbundle;
			path = mach_inject_bundle_stub.bundle;
			remoteRef = 33B2AC8709285572004B1632 /* PBXContainerItemProxy */;
			sourceTree = BUILT_PRODUCTS_DIR;
		};
/* End PBXReferenceProxy section */

/* Begin PBXResourcesBuildPhase section */
		8DC2EF520486A6940098B216 /* Resources */ = {
			isa = PBXResourcesBuildPhase;
			buildActionMask = 2147483647;
			files = (
				8DC2EF530486A6940098B216 /* InfoPlist.strings in Resources */,
				23A92516141586E900EE4B17 /* mach_inject_bundle_stub.bundle in Resources */,
			);
			runOnlyForDeploymentPostprocessing = 0;
		};
/* End PBXResourcesBuildPhase section */

/* Begin PBXSourcesBuildPhase section */
		8DC2EF540486A6940098B216 /* Sources */ = {
			isa = PBXSourcesBuildPhase;
			buildActionMask = 2147483647;
			files = (
				79ACC85A07FD3EBD00D4147B /* mach_inject_bundle.c in Sources */,
				79ACC88707FD40D700D4147B /* mach_inject.c in Sources */,
			);
			runOnlyForDeploymentPostprocessing = 0;
		};
/* End PBXSourcesBuildPhase section */

/* Begin PBXTargetDependency section */
		33B2AC8A09285578004B1632 /* PBXTargetDependency */ = {
			isa = PBXTargetDependency;
			name = mach_inject_bundle_stub;
			targetProxy = 33B2AC8909285578004B1632 /* PBXContainerItemProxy */;
		};
/* End PBXTargetDependency section */

/* Begin PBXVariantGroup section */
		089C1666FE841158C02AAC07 /* InfoPlist.strings */ = {
			isa = PBXVariantGroup;
			children = (
				FB2DB75D22FEB3FD00684E8B /* en */,
			);
			name = InfoPlist.strings;
			sourceTree = "<group>";
		};
/* End PBXVariantGroup section */

/* Begin XCBuildConfiguration section */
		33B2AC7809285567004B1632 /* Development */ = {
			isa = XCBuildConfiguration;
			buildSettings = {
				ALWAYS_SEARCH_USER_PATHS = NO;
				CLANG_ENABLE_OBJC_WEAK = YES;
				COPY_PHASE_STRIP = NO;
				DYLIB_COMPATIBILITY_VERSION = 1;
				DYLIB_CURRENT_VERSION = 1;
				FRAMEWORK_VERSION = A;
				GCC_DYNAMIC_NO_PIC = NO;
				GCC_GENERATE_DEBUGGING_SYMBOLS = YES;
				GCC_OPTIMIZATION_LEVEL = 0;
				GCC_PRECOMPILE_PREFIX_HEADER = YES;
				GCC_PREFIX_HEADER = mach_inject_bundle_Prefix.pch;
				INFOPLIST_FILE = Info.plist;
				INSTALL_PATH = "@executable_path/../Frameworks";
				LD_DYLIB_INSTALL_NAME = "@rpath/Frameworks/$(EXECUTABLE_PATH)";
				LIBRARY_STYLE = DYNAMIC;
				MACH_O_TYPE = mh_dylib;
				OTHER_LDFLAGS = (
					"-seg1addr",
					0xc0000000,
				);
				PRODUCT_BUNDLE_IDENTIFIER = com.rentzsch.mach_inject_bundle;
				PRODUCT_NAME = mach_inject_bundle;
				SKIP_INSTALL = YES;
				WRAPPER_EXTENSION = framework;
				ZERO_LINK = YES;
			};
			name = Development;
		};
		33B2AC7909285567004B1632 /* Deployment */ = {
			isa = XCBuildConfiguration;
			buildSettings = {
				ALWAYS_SEARCH_USER_PATHS = NO;
				CLANG_ENABLE_OBJC_WEAK = YES;
				COPY_PHASE_STRIP = YES;
				DYLIB_COMPATIBILITY_VERSION = 1;
				DYLIB_CURRENT_VERSION = 1;
				FRAMEWORK_VERSION = A;
				GCC_GENERATE_DEBUGGING_SYMBOLS = NO;
				GCC_PRECOMPILE_PREFIX_HEADER = YES;
				GCC_PREFIX_HEADER = mach_inject_bundle_Prefix.pch;
				INFOPLIST_FILE = Info.plist;
				INSTALL_PATH = "@executable_path/../Frameworks";
				LD_DYLIB_INSTALL_NAME = "@rpath/Frameworks/$(EXECUTABLE_PATH)";
				LIBRARY_STYLE = DYNAMIC;
				MACH_O_TYPE = mh_dylib;
				OTHER_LDFLAGS = (
					"-seg1addr",
					0xc0000000,
				);
				PRODUCT_BUNDLE_IDENTIFIER = com.rentzsch.mach_inject_bundle;
				PRODUCT_NAME = mach_inject_bundle;
				SKIP_INSTALL = YES;
				WRAPPER_EXTENSION = framework;
				ZERO_LINK = NO;
			};
			name = Deployment;
		};
		33B2AC7A09285567004B1632 /* Default */ = {
			isa = XCBuildConfiguration;
			buildSettings = {
				ALWAYS_SEARCH_USER_PATHS = NO;
				CLANG_ENABLE_OBJC_WEAK = YES;
				DYLIB_COMPATIBILITY_VERSION = 1;
				DYLIB_CURRENT_VERSION = 1;
				FRAMEWORK_VERSION = A;
				GCC_GENERATE_DEBUGGING_SYMBOLS = NO;
				GCC_PRECOMPILE_PREFIX_HEADER = YES;
				GCC_PREFIX_HEADER = mach_inject_bundle_Prefix.pch;
				INFOPLIST_FILE = Info.plist;
				INSTALL_PATH = "@executable_path/../Frameworks";
				LD_DYLIB_INSTALL_NAME = "@rpath/Frameworks/$(EXECUTABLE_PATH)";
				LIBRARY_STYLE = DYNAMIC;
				MACH_O_TYPE = mh_dylib;
				OTHER_LDFLAGS = (
					"-seg1addr",
					0xc0000000,
				);
				PRODUCT_BUNDLE_IDENTIFIER = com.rentzsch.mach_inject_bundle;
				PRODUCT_NAME = mach_inject_bundle;
				SKIP_INSTALL = YES;
				WRAPPER_EXTENSION = framework;
			};
			name = Default;
		};
		33B2AC7C09285567004B1632 /* Development */ = {
			isa = XCBuildConfiguration;
			buildSettings = {
				CLANG_ANALYZER_LOCALIZABILITY_NONLOCALIZED = YES;
				CLANG_WARN_BLOCK_CAPTURE_AUTORELEASING = YES;
				CLANG_WARN_BOOL_CONVERSION = YES;
				CLANG_WARN_COMMA = YES;
				CLANG_WARN_CONSTANT_CONVERSION = YES;
				CLANG_WARN_DEPRECATED_OBJC_IMPLEMENTATIONS = YES;
				CLANG_WARN_EMPTY_BODY = YES;
				CLANG_WARN_ENUM_CONVERSION = YES;
				CLANG_WARN_INFINITE_RECURSION = YES;
				CLANG_WARN_INT_CONVERSION = YES;
				CLANG_WARN_NON_LITERAL_NULL_CONVERSION = YES;
				CLANG_WARN_OBJC_IMPLICIT_RETAIN_SELF = YES;
				CLANG_WARN_OBJC_LITERAL_CONVERSION = YES;
				CLANG_WARN_QUOTED_INCLUDE_IN_FRAMEWORK_HEADER = YES;
				CLANG_WARN_RANGE_LOOP_ANALYSIS = YES;
				CLANG_WARN_STRICT_PROTOTYPES = YES;
				CLANG_WARN_SUSPICIOUS_MOVE = YES;
				CLANG_WARN_UNREACHABLE_CODE = YES;
				CLANG_WARN__DUPLICATE_METHOD_MATCH = YES;
				ENABLE_STRICT_OBJC_MSGSEND = YES;
				ENABLE_TESTABILITY = YES;
				GCC_NO_COMMON_BLOCKS = YES;
				GCC_WARN_64_TO_32_BIT_CONVERSION = YES;
				GCC_WARN_ABOUT_RETURN_TYPE = YES;
				GCC_WARN_UNDECLARED_SELECTOR = YES;
				GCC_WARN_UNINITIALIZED_AUTOS = YES;
				GCC_WARN_UNUSED_FUNCTION = YES;
				GCC_WARN_UNUSED_VARIABLE = YES;
				ONLY_ACTIVE_ARCH = YES;
				SKIP_INSTALL = YES;
			};
			name = Development;
		};
		33B2AC7D09285567004B1632 /* Deployment */ = {
			isa = XCBuildConfiguration;
			buildSettings = {
				CLANG_ANALYZER_LOCALIZABILITY_NONLOCALIZED = YES;
				CLANG_WARN_BLOCK_CAPTURE_AUTORELEASING = YES;
				CLANG_WARN_BOOL_CONVERSION = YES;
				CLANG_WARN_COMMA = YES;
				CLANG_WARN_CONSTANT_CONVERSION = YES;
				CLANG_WARN_DEPRECATED_OBJC_IMPLEMENTATIONS = YES;
				CLANG_WARN_EMPTY_BODY = YES;
				CLANG_WARN_ENUM_CONVERSION = YES;
				CLANG_WARN_INFINITE_RECURSION = YES;
				CLANG_WARN_INT_CONVERSION = YES;
				CLANG_WARN_NON_LITERAL_NULL_CONVERSION = YES;
				CLANG_WARN_OBJC_IMPLICIT_RETAIN_SELF = YES;
				CLANG_WARN_OBJC_LITERAL_CONVERSION = YES;
				CLANG_WARN_QUOTED_INCLUDE_IN_FRAMEWORK_HEADER = YES;
				CLANG_WARN_RANGE_LOOP_ANALYSIS = YES;
				CLANG_WARN_STRICT_PROTOTYPES = YES;
				CLANG_WARN_SUSPICIOUS_MOVE = YES;
				CLANG_WARN_UNREACHABLE_CODE = YES;
				CLANG_WARN__DUPLICATE_METHOD_MATCH = YES;
				ENABLE_STRICT_OBJC_MSGSEND = YES;
				GCC_NO_COMMON_BLOCKS = YES;
				GCC_WARN_64_TO_32_BIT_CONVERSION = YES;
				GCC_WARN_ABOUT_RETURN_TYPE = YES;
				GCC_WARN_UNDECLARED_SELECTOR = YES;
				GCC_WARN_UNINITIALIZED_AUTOS = YES;
				GCC_WARN_UNUSED_FUNCTION = YES;
				GCC_WARN_UNUSED_VARIABLE = YES;
				SKIP_INSTALL = YES;
			};
			name = Deployment;
		};
		33B2AC7E09285567004B1632 /* Default */ = {
			isa = XCBuildConfiguration;
			buildSettings = {
				CLANG_ANALYZER_LOCALIZABILITY_NONLOCALIZED = YES;
				CLANG_WARN_BLOCK_CAPTURE_AUTORELEASING = YES;
				CLANG_WARN_BOOL_CONVERSION = YES;
				CLANG_WARN_COMMA = YES;
				CLANG_WARN_CONSTANT_CONVERSION = YES;
				CLANG_WARN_DEPRECATED_OBJC_IMPLEMENTATIONS = YES;
				CLANG_WARN_EMPTY_BODY = YES;
				CLANG_WARN_ENUM_CONVERSION = YES;
				CLANG_WARN_INFINITE_RECURSION = YES;
				CLANG_WARN_INT_CONVERSION = YES;
				CLANG_WARN_NON_LITERAL_NULL_CONVERSION = YES;
				CLANG_WARN_OBJC_IMPLICIT_RETAIN_SELF = YES;
				CLANG_WARN_OBJC_LITERAL_CONVERSION = YES;
				CLANG_WARN_QUOTED_INCLUDE_IN_FRAMEWORK_HEADER = YES;
				CLANG_WARN_RANGE_LOOP_ANALYSIS = YES;
				CLANG_WARN_STRICT_PROTOTYPES = YES;
				CLANG_WARN_SUSPICIOUS_MOVE = YES;
				CLANG_WARN_UNREACHABLE_CODE = YES;
				CLANG_WARN__DUPLICATE_METHOD_MATCH = YES;
				ENABLE_STRICT_OBJC_MSGSEND = YES;
				GCC_NO_COMMON_BLOCKS = YES;
				GCC_WARN_64_TO_32_BIT_CONVERSION = YES;
				GCC_WARN_ABOUT_RETURN_TYPE = YES;
				GCC_WARN_UNDECLARED_SELECTOR = YES;
				GCC_WARN_UNINITIALIZED_AUTOS = YES;
				GCC_WARN_UNUSED_FUNCTION = YES;
				GCC_WARN_UNUSED_VARIABLE = YES;
				SKIP_INSTALL = YES;
			};
			name = Default;
		};
/* End XCBuildConfiguration section */

/* Begin XCConfigurationList section */
		33B2AC7709285567004B1632 /* Build configuration list for PBXNativeTarget "mach_inject_bundle" */ = {
			isa = XCConfigurationList;
			buildConfigurations = (
				33B2AC7809285567004B1632 /* Development */,
				33B2AC7909285567004B1632 /* Deployment */,
				33B2AC7A09285567004B1632 /* Default */,
			);
			defaultConfigurationIsVisible = 0;
			defaultConfigurationName = Default;
		};
		33B2AC7B09285567004B1632 /* Build configuration list for PBXProject "mach_inject_bundle" */ = {
			isa = XCConfigurationList;
			buildConfigurations = (
				33B2AC7C09285567004B1632 /* Development */,
				33B2AC7D09285567004B1632 /* Deployment */,
				33B2AC7E09285567004B1632 /* Default */,
			);
			defaultConfigurationIsVisible = 0;
			defaultConfigurationName = Default;
		};
/* End XCConfigurationList section */
	};
	rootObject = 0867D690FE84028FC02AAC07 /* Project object */;
}
