PODS:
  - AppCenter (3.3.2):
    - AppCenter/Analytics (= 3.3.2)
    - AppCenter/Crashes (= 3.3.2)
  - AppCenter/Analytics (3.3.2):
    - AppCenter/Core
  - AppCenter/Core (3.3.2)
  - AppCenter/Crashes (3.3.2):
    - AppCenter/Core
  - EDStarRating (1.1)
  - FirebaseAuth (6.7.0):
    - FirebaseCore (~> 6.8)
    - GoogleUtilities/AppDelegateSwizzler (~> 6.7)
    - GoogleUtilities/Environment (~> 6.7)
    - GTMSessionFetcher/Core (~> 1.1)
  - FirebaseCore (6.9.1):
    - FirebaseCoreDiagnostics (~> 1.3)
    - GoogleUtilities/Environment (~> 6.7)
    - GoogleUtilities/Logger (~> 6.7)
  - FirebaseCoreDiagnostics (1.5.0):
    - GoogleDataTransport (~> 7.0)
    - GoogleUtilities/Environment (~> 6.7)
    - GoogleUtilities/Logger (~> 6.7)
    - nanopb (~> 1.30905.0)
  - GoogleDataTransport (7.0.0):
    - nanopb (~> 1.30905.0)
  - GoogleUtilities/AppDelegateSwizzler (6.7.1):
    - GoogleUtilities/Environment
    - GoogleUtilities/Logger
    - GoogleUtilities/Network
  - GoogleUtilities/Environment (6.7.1):
    - PromisesObjC (~> 1.2)
  - GoogleUtilities/Logger (6.7.1):
    - GoogleUtilities/Environment
  - GoogleUtilities/Network (6.7.1):
    - GoogleUtilities/Logger
    - "GoogleUtilities/NSData+zlib"
    - GoogleUtilities/Reachability
  - "GoogleUtilities/NSData+zlib (6.7.1)"
  - GoogleUtilities/Reachability (6.7.1):
    - GoogleUtilities/Logger
  - GTMSessionFetcher/Core (1.4.0)
  - LetsMove (1.25)
  - nanopb (1.30905.0):
    - nanopb/decode (= 1.30905.0)
    - nanopb/encode (= 1.30905.0)
  - nanopb/decode (1.30905.0)
  - nanopb/encode (1.30905.0)
  - PaddleV4 (4.0.15)
  - PromisesObjC (1.2.9)
  - SDWebImage (5.8.4):
    - SDWebImage/Core (= 5.8.4)
  - SDWebImage/Core (5.8.4)
  - Sparkle (1.23.0)

DEPENDENCIES:
  - AppCenter
  - EDStarRating
  - FirebaseAuth
  - LetsMove
  - PaddleV4
  - SDWebImage
  - Sparkle

SPEC REPOS:
  trunk:
    - AppCenter
    - EDStarRating
    - FirebaseAuth
    - FirebaseCore
    - FirebaseCoreDiagnostics
    - GoogleDataTransport
    - GoogleUtilities
    - GTMSessionFetcher
    - LetsMove
    - nanopb
    - PaddleV4
    - PromisesObjC
    - SDWebImage
    - Sparkle

SPEC CHECKSUMS:
  AppCenter: aba7de06e4c2184f90dc84f7866bd07f82427d69
  EDStarRating: a41a6440a945020745d0e9ff8ada7d1afa952114
  FirebaseAuth: 06feef26ff3a98323677c76c4102146b872cd6b7
  FirebaseCore: 687b8e6a0a4337b898a6326d68254c2f80c143af
  FirebaseCoreDiagnostics: 7535fe695737f8c5b350584292a70b7f8ff0357b
  GoogleDataTransport: 8a40cb194ad242b6f6dfe72c14fe40fc67c4dcd7
  GoogleUtilities: e121a3867449ce16b0e35ddf1797ea7a389ffdf2
  GTMSessionFetcher: 6f5c8abbab8a9bce4bb3f057e317728ec6182b10
  LetsMove: 7b9fe44737707d984fbd3f47af46609a9a07b461
  nanopb: c43f40fadfe79e8b8db116583945847910cbabc9
  PaddleV4: 97be21a005f51b61171e9e6081c6ce965b77fa87
  PromisesObjC: b48e0338dbbac2207e611750777895f7a5811b75
  SDWebImage: cf6922231e95550934da2ada0f20f2becf2ceba9
  Sparkle: 55b1a87ba69d56913375a281546b7c82dec95bb0

PODFILE CHECKSUM: 1c64b638d618bdcb6a01178525996d0a3050c017

COCOAPODS: 1.9.1
