PODS:
  - AppCenter (4.0.0):
    - AppCenter/Analytics (= 4.0.0)
    - AppCenter/Crashes (= 4.0.0)
  - AppCenter/Analytics (4.0.0):
    - AppCenter/Core
  - AppCenter/Core (4.0.0)
  - AppCenter/Crashes (4.0.0):
    - AppCenter/Core
  - EDStarRating (1.1)
  - FirebaseAuth (7.1.0):
    - FirebaseCore (~> 7.0)
    - GoogleUtilities/AppDelegateSwizzler (~> 7.0)
    - GoogleUtilities/Environment (~> 7.0)
    - GTMSessionFetcher/Core (~> 1.4)
  - FirebaseCore (7.1.0):
    - FirebaseCoreDiagnostics (~> 7.0)
    - GoogleUtilities/Environment (~> 7.0)
    - GoogleUtilities/Logger (~> 7.0)
  - FirebaseCoreDiagnostics (7.1.0):
    - GoogleDataTransport (~> 8.0)
    - GoogleUtilities/Environment (~> 7.0)
    - GoogleUtilities/Logger (~> 7.0)
    - nanopb (~> 2.30906.0)
  - GoogleDataTransport (8.0.1):
    - nanopb (~> 2.30906.0)
  - GoogleUtilities/AppDelegateSwizzler (7.1.1):
    - GoogleUtilities/Environment
    - GoogleUtilities/Logger
    - GoogleUtilities/Network
  - GoogleUtilities/Environment (7.1.1):
    - PromisesObjC (~> 1.2)
  - GoogleUtilities/Logger (7.1.1):
    - GoogleUtilities/Environment
  - GoogleUtilities/Network (7.1.1):
    - GoogleUtilities/Logger
    - "GoogleUtilities/NSData+zlib"
    - GoogleUtilities/Reachability
  - "GoogleUtilities/NSData+zlib (7.1.1)"
  - GoogleUtilities/Reachability (7.1.1):
    - GoogleUtilities/Logger
  - GTMSessionFetcher/Core (1.5.0)
  - LetsMove (1.25)
  - nanopb (2.30906.0):
    - nanopb/decode (= 2.30906.0)
    - nanopb/encode (= 2.30906.0)
  - nanopb/decode (2.30906.0)
  - nanopb/encode (2.30906.0)
  - PaddleV4 (4.1.0)
  - PromisesObjC (1.2.11)
  - SDWebImage (5.10.0):
    - SDWebImage/Core (= 5.10.0)
  - SDWebImage/Core (5.10.0)
  - Sparkle (1.24.0)

DEPENDENCIES:
  - AppCenter
  - EDStarRating
  - FirebaseAuth
  - LetsMove
  - PaddleV4
  - SDWebImage
  - Sparkle

SPEC REPOS:
  trunk:
    - AppCenter
    - EDStarRating
    - FirebaseAuth
    - FirebaseCore
    - FirebaseCoreDiagnostics
    - GoogleDataTransport
    - GoogleUtilities
    - GTMSessionFetcher
    - LetsMove
    - nanopb
    - PaddleV4
    - PromisesObjC
    - SDWebImage
    - Sparkle

SPEC CHECKSUMS:
  AppCenter: 51351e0121e40ba75e28ecb7de5c2e69d480df5e
  EDStarRating: a41a6440a945020745d0e9ff8ada7d1afa952114
  FirebaseAuth: f82c2cfcc1c107bb0a97735cdbce4eb2a601f710
  FirebaseCore: 20046127eef0fcb8fa25df7fc12f7b97d4e48611
  FirebaseCoreDiagnostics: 872cdb9b749b23346dddd5c1014d1babd2257de3
  GoogleDataTransport: e4085e6762f36a6141738f46b0153473ce57fb18
  GoogleUtilities: 3dc4ff0d5e4840e2fa8eef0889620e8c33d4218c
  GTMSessionFetcher: b3503b20a988c4e20cc189aa798fd18220133f52
  LetsMove: 7b9fe44737707d984fbd3f47af46609a9a07b461
  nanopb: 1bf24dd71191072e120b83dd02d08f3da0d65e53
  PaddleV4: 3b3cfd9b28c80cc849ceacb170677a5c5b52e6dd
  PromisesObjC: 8c196f5a328c2cba3e74624585467a557dcb482f
  SDWebImage: 9169792e9eec3e45bba2a0c02f74bf8bd922d1ee
  Sparkle: 270cd27377bf04e9c128af06e3a22d0f572d6ee3

PODFILE CHECKSUM: 57880da8c34f97701f699046d7dffd8bb1c2b3b7

COCOAPODS: 1.9.1
